
Microsoft Visual Studio Solution File, Format Version 12.00
# Visual Studio Version 16
VisualStudioVersion = 16.0.28922.388
MinimumVisualStudioVersion = 10.0.40219.1
Project("{FAE04EC0-301F-11D3-BF4B-00C04F79EFBC}") = "ContactManagerUI", "ContactManagerUI\ContactManagerUI.csproj", "{0DE47840-6F86-4A68-9901-C3428D25932D}"
EndProject
Project("{9A19103F-16F7-4668-BE54-9A1E7A4F7556}") = "ContactManagerLibrary", "ContactManagerLibrary\ContactManagerLibrary.csproj", "{5B716692-4496-44CD-9994-14D8EA82EB3C}"
EndProject
Global
	GlobalSection(SolutionConfigurationPlatforms) = preSolution
		Debug|Any CPU = Debug|Any CPU
		Release|Any CPU = Release|Any CPU
	EndGlobalSection
	GlobalSection(ProjectConfigurationPlatforms) = postSolution
		{0DE47840-6F86-4A68-9901-C3428D25932D}.Debug|Any CPU.ActiveCfg = Debug|Any CPU
		{0DE47840-6F86-4A68-9901-C3428D25932D}.Debug|Any CPU.Build.0 = Debug|Any CPU
		{0DE47840-6F86-4A68-9901-C3428D25932D}.Release|Any CPU.ActiveCfg = Release|Any CPU
		{0DE47840-6F86-4A68-9901-C3428D25932D}.Release|Any CPU.Build.0 = Release|Any CPU
		{5B716692-4496-44CD-9994-14D8EA82EB3C}.Debug|Any CPU.ActiveCfg = Debug|Any CPU
		{5B716692-4496-44CD-9994-14D8EA82EB3C}.Debug|Any CPU.Build.0 = Debug|Any CPU
		{5B716692-4496-44CD-9994-14D8EA82EB3C}.Release|Any CPU.ActiveCfg = Release|Any CPU
		{5B716692-4496-44CD-9994-14D8EA82EB3C}.Release|Any CPU.Build.0 = Release|Any CPU
	EndGlobalSection
	GlobalSection(SolutionProperties) = preSolution
		HideSolutionNode = FALSE
	EndGlobalSection
	GlobalSection(ExtensibilityGlobals) = postSolution
		SolutionGuid = {C553E68D-69B6-43EC-89CA-7D691EB87E60}
	EndGlobalSection
EndGlobal
